
Microsoft Visual Studio Solution File, Format Version 12.00
# Visual Studio 14
VisualStudioVersion = 14.0.25420.1
MinimumVisualStudioVersion = 10.0.40219.1
Project("{FAE04EC0-301F-11D3-BF4B-00C04F79EFBC}") = "TestClient", "Client\TestClient.csproj", "{599CEFAA-80DF-4EDE-9BFC-DCC4ABE7AA67}"
EndProject
Project("{2150E333-8FDC-42A3-9474-1A3956D46DE8}") = "ServerNEU", "ServerNEU", "{4634F710-F16E-444B-B3F4-F05975318BC3}"
EndProject
Project("{2150E333-8FDC-42A3-9474-1A3956D46DE8}") = "ClientNEU", "ClientNEU", "{F8461DB0-7681-4AA5-8314-F945849FC2E6}"
EndProject
Project("{FAE04EC0-301F-11D3-BF4B-00C04F79EFBC}") = "SimpleServer", "Server Components\SimpleServer\SimpleServer.csproj", "{A0C6FA3C-3900-45D2-9FE3-20224AD1AA10}"
EndProject
Global
	GlobalSection(SolutionConfigurationPlatforms) = preSolution
		Debug|Any CPU = Debug|Any CPU
		Release|Any CPU = Release|Any CPU
	EndGlobalSection
	GlobalSection(ProjectConfigurationPlatforms) = postSolution
		{599CEFAA-80DF-4EDE-9BFC-DCC4ABE7AA67}.Debug|Any CPU.ActiveCfg = Debug|Any CPU
		{599CEFAA-80DF-4EDE-9BFC-DCC4ABE7AA67}.Debug|Any CPU.Build.0 = Debug|Any CPU
		{599CEFAA-80DF-4EDE-9BFC-DCC4ABE7AA67}.Release|Any CPU.ActiveCfg = Release|Any CPU
		{599CEFAA-80DF-4EDE-9BFC-DCC4ABE7AA67}.Release|Any CPU.Build.0 = Release|Any CPU
		{A0C6FA3C-3900-45D2-9FE3-20224AD1AA10}.Debug|Any CPU.ActiveCfg = Debug|Any CPU
		{A0C6FA3C-3900-45D2-9FE3-20224AD1AA10}.Debug|Any CPU.Build.0 = Debug|Any CPU
		{A0C6FA3C-3900-45D2-9FE3-20224AD1AA10}.Release|Any CPU.ActiveCfg = Release|Any CPU
		{A0C6FA3C-3900-45D2-9FE3-20224AD1AA10}.Release|Any CPU.Build.0 = Release|Any CPU
	EndGlobalSection
	GlobalSection(SolutionProperties) = preSolution
		HideSolutionNode = FALSE
	EndGlobalSection
	GlobalSection(NestedProjects) = preSolution
		{599CEFAA-80DF-4EDE-9BFC-DCC4ABE7AA67} = {F8461DB0-7681-4AA5-8314-F945849FC2E6}
		{A0C6FA3C-3900-45D2-9FE3-20224AD1AA10} = {4634F710-F16E-444B-B3F4-F05975318BC3}
	EndGlobalSection
EndGlobal
